
Microsoft Visual Studio Solution File, Format Version 12.00
# Visual Studio Version 17
VisualStudioVersion = 17.8.34408.163
MinimumVisualStudioVersion = 10.0.40219.1
Project("{FAE04EC0-301F-11D3-BF4B-00C04F79EFBC}") = "Workintech02RabbitMqProducer", "Workintech02RabbitMqProducer\Workintech02RabbitMqProducer.csproj", "{362D0B29-5005-4624-8A43-CF9B9C1023B6}"
EndProject
Global
	GlobalSection(SolutionConfigurationPlatforms) = preSolution
		Debug|Any CPU = Debug|Any CPU
		Release|Any CPU = Release|Any CPU
	EndGlobalSection
	GlobalSection(ProjectConfigurationPlatforms) = postSolution
		{362D0B29-5005-4624-8A43-CF9B9C1023B6}.Debug|Any CPU.ActiveCfg = Debug|Any CPU
		{362D0B29-5005-4624-8A43-CF9B9C1023B6}.Debug|Any CPU.Build.0 = Debug|Any CPU
		{362D0B29-5005-4624-8A43-CF9B9C1023B6}.Release|Any CPU.ActiveCfg = Release|Any CPU
		{362D0B29-5005-4624-8A43-CF9B9C1023B6}.Release|Any CPU.Build.0 = Release|Any CPU
	EndGlobalSection
	GlobalSection(SolutionProperties) = preSolution
		HideSolutionNode = FALSE
	EndGlobalSection
	GlobalSection(ExtensibilityGlobals) = postSolution
		SolutionGuid = {7F102BAF-8E52-4D78-95D0-A7FAB10D3809}
	EndGlobalSection
EndGlobal
