
Microsoft Visual Studio Solution File, Format Version 12.00
# Visual Studio Version 17
VisualStudioVersion = 17.8.34408.163
MinimumVisualStudioVersion = 10.0.40219.1
Project("{FAE04EC0-301F-11D3-BF4B-00C04F79EFBC}") = "Workintech02RabbitmqConsumer3", "Workintech02RabbitmqConsumer3\Workintech02RabbitmqConsumer3.csproj", "{97979188-465E-4930-8234-B6D79073840D}"
EndProject
Global
	GlobalSection(SolutionConfigurationPlatforms) = preSolution
		Debug|Any CPU = Debug|Any CPU
		Release|Any CPU = Release|Any CPU
	EndGlobalSection
	GlobalSection(ProjectConfigurationPlatforms) = postSolution
		{97979188-465E-4930-8234-B6D79073840D}.Debug|Any CPU.ActiveCfg = Debug|Any CPU
		{97979188-465E-4930-8234-B6D79073840D}.Debug|Any CPU.Build.0 = Debug|Any CPU
		{97979188-465E-4930-8234-B6D79073840D}.Release|Any CPU.ActiveCfg = Release|Any CPU
		{97979188-465E-4930-8234-B6D79073840D}.Release|Any CPU.Build.0 = Release|Any CPU
	EndGlobalSection
	GlobalSection(SolutionProperties) = preSolution
		HideSolutionNode = FALSE
	EndGlobalSection
	GlobalSection(ExtensibilityGlobals) = postSolution
		SolutionGuid = {0A600E50-ECFC-47AD-9F50-1C723911189C}
	EndGlobalSection
EndGlobal
